
Microsoft Visual Studio Solution File, Format Version 12.00
# Visual Studio 2013
VisualStudioVersion = 12.0.31101.0
MinimumVisualStudioVersion = 10.0.40219.1
Project("{FAE04EC0-301F-11D3-BF4B-00C04F79EFBC}") = "02.SimpleCalculator", "02.SimpleCalculator\02.SimpleCalculator.csproj", "{8D097E8E-1B0D-4041-9AC7-2F1DE8EBDB2D}"
EndProject
Global
	GlobalSection(SolutionConfigurationPlatforms) = preSolution
		Debug|Any CPU = Debug|Any CPU
		Release|Any CPU = Release|Any CPU
	EndGlobalSection
	GlobalSection(ProjectConfigurationPlatforms) = postSolution
		{8D097E8E-1B0D-4041-9AC7-2F1DE8EBDB2D}.Debug|Any CPU.ActiveCfg = Debug|Any CPU
		{8D097E8E-1B0D-4041-9AC7-2F1DE8EBDB2D}.Debug|Any CPU.Build.0 = Debug|Any CPU
		{8D097E8E-1B0D-4041-9AC7-2F1DE8EBDB2D}.Release|Any CPU.ActiveCfg = Release|Any CPU
		{8D097E8E-1B0D-4041-9AC7-2F1DE8EBDB2D}.Release|Any CPU.Build.0 = Release|Any CPU
	EndGlobalSection
	GlobalSection(SolutionProperties) = preSolution
		HideSolutionNode = FALSE
	EndGlobalSection
EndGlobal
