
Microsoft Visual Studio Solution File, Format Version 12.00
# Visual Studio 2013
VisualStudioVersion = 12.0.31101.0
MinimumVisualStudioVersion = 10.0.40219.1
Project("{FAE04EC0-301F-11D3-BF4B-00C04F79EFBC}") = "02.DefaultValue", "02.DefaultValue\02.DefaultValue.csproj", "{66E7CF88-EBCB-4014-A4B2-1EE0FE06DADB}"
EndProject
Global
	GlobalSection(SolutionConfigurationPlatforms) = preSolution
		Debug|Any CPU = Debug|Any CPU
		Release|Any CPU = Release|Any CPU
	EndGlobalSection
	GlobalSection(ProjectConfigurationPlatforms) = postSolution
		{66E7CF88-EBCB-4014-A4B2-1EE0FE06DADB}.Debug|Any CPU.ActiveCfg = Debug|Any CPU
		{66E7CF88-EBCB-4014-A4B2-1EE0FE06DADB}.Debug|Any CPU.Build.0 = Debug|Any CPU
		{66E7CF88-EBCB-4014-A4B2-1EE0FE06DADB}.Release|Any CPU.ActiveCfg = Release|Any CPU
		{66E7CF88-EBCB-4014-A4B2-1EE0FE06DADB}.Release|Any CPU.Build.0 = Release|Any CPU
	EndGlobalSection
	GlobalSection(SolutionProperties) = preSolution
		HideSolutionNode = FALSE
	EndGlobalSection
EndGlobal
